{
  "name": "bash-converter",
  "version": "0.1.0",
  "lockfileVersion": 1,
  "requires": true,
  "dependencies": {
    "@types/node": {
      "version": "12.7.12",
      "resolved": "https://registry.npmjs.org/@types/node/-/node-12.7.12.tgz",
      "integrity": "sha512-KPYGmfD0/b1eXurQ59fXD1GBzhSQfz6/lKBxkaHX9dKTzjXbK68Zt7yGUxUsCS1jeTy/8aL+d9JEr+S54mpkWQ==",
      "dev": true
    },
    "arity-n": {
      "version": "1.0.4",
      "resolved": "https://bin.sbb.ch/artifactory/api/npm/npm/arity-n/-/arity-n-1.0.4.tgz",
      "integrity": "sha1-2edrEXM+CFacCEeuezmyhgswt0U="
    },
    "array-last": {
      "version": "1.3.0",
      "resolved": "https://bin.sbb.ch/artifactory/api/npm/npm/array-last/-/array-last-1.3.0.tgz",
      "integrity": "sha1-eqdwc/7FZd2rJJP1+IGF9ASp0zY=",
      "requires": {
        "is-number": "^4.0.0"
      }
    },
    "babylon": {
      "version": "6.18.0",
      "resolved": "https://bin.sbb.ch/artifactory/api/npm/npm/babylon/-/babylon-6.18.0.tgz",
      "integrity": "sha1-ry87iPpvXB5MY00aD46sT1WzleM="
    },
    "bash-parser": {
      "version": "0.5.0",
      "resolved": "https://bin.sbb.ch/artifactory/api/npm/npm/bash-parser/-/bash-parser-0.5.0.tgz",
      "integrity": "sha1-vKOttCQaDxXFqxAm5cVoWp2t5+o=",
      "requires": {
        "array-last": "^1.1.1",
        "babylon": "^6.9.1",
        "compose-function": "^3.0.3",
        "curry": "^1.2.0",
        "deep-freeze": "0.0.1",
        "filter-iterator": "0.0.1",
        "filter-obj": "^1.1.0",
        "has-own-property": "^0.1.0",
        "identity-function": "^1.0.0",
        "iterable-lookahead": "^1.0.0",
        "iterable-transform-replace": "^1.1.1",
        "magic-string": "^0.16.0",
        "map-iterable": "^1.0.1",
        "map-obj": "^2.0.0",
        "object-pairs": "^0.1.0",
        "object-values": "^1.0.0",
        "reverse-arguments": "^1.0.0",
        "shell-quote-word": "^1.0.1",
        "to-pascal-case": "^1.0.0",
        "transform-spread-iterable": "^1.1.0",
        "unescape-js": "^1.0.5"
      }
    },
    "compose-function": {
      "version": "3.0.3",
      "resolved": "https://bin.sbb.ch/artifactory/api/npm/npm/compose-function/-/compose-function-3.0.3.tgz",
      "integrity": "sha1-ntZ18TzFRQHTCVCkhv9qe6OrGF8=",
      "requires": {
        "arity-n": "^1.0.4"
      }
    },
    "curry": {
      "version": "1.2.0",
      "resolved": "https://bin.sbb.ch/artifactory/api/npm/npm/curry/-/curry-1.2.0.tgz",
      "integrity": "sha1-nm3SiVSNun5lPVrj/pA/59+zOvI="
    },
    "deep-freeze": {
      "version": "0.0.1",
      "resolved": "https://bin.sbb.ch/artifactory/api/npm/npm/deep-freeze/-/deep-freeze-0.0.1.tgz",
      "integrity": "sha1-OgsABd4YZygZ39OM0x+RF5yJPoQ="
    },
    "filter-iterator": {
      "version": "0.0.1",
      "resolved": "https://bin.sbb.ch/artifactory/api/npm/npm/filter-iterator/-/filter-iterator-0.0.1.tgz",
      "integrity": "sha1-Ci7PB9bAb5a962hG+OiLV7jaHzc="
    },
    "filter-obj": {
      "version": "1.1.0",
      "resolved": "https://bin.sbb.ch/artifactory/api/npm/npm/filter-obj/-/filter-obj-1.1.0.tgz",
      "integrity": "sha1-mzERErxsYSehbgFsbF1/GeCAXFs="
    },
    "has-own-property": {
      "version": "0.1.0",
      "resolved": "https://bin.sbb.ch/artifactory/api/npm/npm/has-own-property/-/has-own-property-0.1.0.tgz",
      "integrity": "sha1-mSsPW7OiVBb41NDN5T9Je517HqU="
    },
    "identity-function": {
      "version": "1.0.0",
      "resolved": "https://bin.sbb.ch/artifactory/api/npm/npm/identity-function/-/identity-function-1.0.0.tgz",
      "integrity": "sha1-vqEVnwmFI5vjyjSO30DOLw3Swh0="
    },
    "is-iterable": {
      "version": "1.1.1",
      "resolved": "https://bin.sbb.ch/artifactory/api/npm/npm/is-iterable/-/is-iterable-1.1.1.tgz",
      "integrity": "sha1-cfmqbxE+HZaOvh1Bz/TI+yOoF7w="
    },
    "is-number": {
      "version": "4.0.0",
      "resolved": "https://bin.sbb.ch/artifactory/api/npm/npm/is-number/-/is-number-4.0.0.tgz",
      "integrity": "sha1-ACbjf1RU1z41bf5lZGmYZ8an8P8="
    },
    "iterable-lookahead": {
      "version": "1.0.0",
      "resolved": "https://bin.sbb.ch/artifactory/api/npm/npm/iterable-lookahead/-/iterable-lookahead-1.0.0.tgz",
      "integrity": "sha1-iW38t4aAvbUANul+2wNMi2ipc38="
    },
    "iterable-transform-replace": {
      "version": "1.2.0",
      "resolved": "https://bin.sbb.ch/artifactory/api/npm/npm/iterable-transform-replace/-/iterable-transform-replace-1.2.0.tgz",
      "integrity": "sha1-aQJNPxJbUFJLH1lHP8wIVl3M474=",
      "requires": {
        "curry": "^1.2.0"
      }
    },
    "magic-string": {
      "version": "0.16.0",
      "resolved": "https://bin.sbb.ch/artifactory/api/npm/npm/magic-string/-/magic-string-0.16.0.tgz",
      "integrity": "sha1-lw67DacZMwEoX7GqZQ85vdgetFo=",
      "requires": {
        "vlq": "^0.2.1"
      }
    },
    "map-iterable": {
      "version": "1.0.1",
      "resolved": "https://bin.sbb.ch/artifactory/api/npm/npm/map-iterable/-/map-iterable-1.0.1.tgz",
      "integrity": "sha1-qw/BFmAUvWJfvN+u4omvVg5hGtk=",
      "requires": {
        "curry": "^1.2.0",
        "is-iterable": "^1.1.0"
      }
    },
    "map-obj": {
      "version": "2.0.0",
      "resolved": "https://bin.sbb.ch/artifactory/api/npm/npm/map-obj/-/map-obj-2.0.0.tgz",
      "integrity": "sha1-plzSkIepJZi4eRJXpSPgISIqwfk="
    },
    "object-pairs": {
      "version": "0.1.0",
      "resolved": "https://bin.sbb.ch/artifactory/api/npm/npm/object-pairs/-/object-pairs-0.1.0.tgz",
      "integrity": "sha1-gnbu2B1guFSdacX3OmgqudpP8y8="
    },
    "object-values": {
      "version": "1.0.0",
      "resolved": "https://bin.sbb.ch/artifactory/api/npm/npm/object-values/-/object-values-1.0.0.tgz",
      "integrity": "sha1-cq+DljARnluYw7AruMJ+MjcVgQU="
    },
    "reverse-arguments": {
      "version": "1.0.0",
      "resolved": "https://bin.sbb.ch/artifactory/api/npm/npm/reverse-arguments/-/reverse-arguments-1.0.0.tgz",
      "integrity": "sha1-woCVo6khrHFdYYNN3s6QJ5kmZ80="
    },
    "shell-quote-word": {
      "version": "1.0.1",
      "resolved": "https://bin.sbb.ch/artifactory/api/npm/npm/shell-quote-word/-/shell-quote-word-1.0.1.tgz",
      "integrity": "sha1-4r39ItWZ/WiIZJFnfjj1YPnUack="
    },
    "string.fromcodepoint": {
      "version": "0.2.1",
      "resolved": "https://bin.sbb.ch/artifactory/api/npm/npm/string.fromcodepoint/-/string.fromcodepoint-0.2.1.tgz",
      "integrity": "sha1-jZeDM8C8klOPUPOD5IiPPlYZ1lM="
    },
    "to-no-case": {
      "version": "1.0.2",
      "resolved": "https://bin.sbb.ch/artifactory/api/npm/npm/to-no-case/-/to-no-case-1.0.2.tgz",
      "integrity": "sha1-xyKQcWTvaxeBMsjmmTAhLRtKoWo="
    },
    "to-pascal-case": {
      "version": "1.0.0",
      "resolved": "https://bin.sbb.ch/artifactory/api/npm/npm/to-pascal-case/-/to-pascal-case-1.0.0.tgz",
      "integrity": "sha1-C73I30SIhroBU15UMycEjQqhzng=",
      "requires": {
        "to-space-case": "^1.0.0"
      }
    },
    "to-space-case": {
      "version": "1.0.0",
      "resolved": "https://bin.sbb.ch/artifactory/api/npm/npm/to-space-case/-/to-space-case-1.0.0.tgz",
      "integrity": "sha1-sFLar7Gysp3HcM6gFj5ewOvJ/Bc=",
      "requires": {
        "to-no-case": "^1.0.0"
      }
    },
    "transform-spread-iterable": {
      "version": "1.4.1",
      "resolved": "https://bin.sbb.ch/artifactory/api/npm/npm/transform-spread-iterable/-/transform-spread-iterable-1.4.1.tgz",
      "integrity": "sha1-fwqWOJwQ7HDu3UzhwSjG65fTGKU=",
      "requires": {
        "curry": "^1.2.0"
      }
    },
    "tslib": {
      "version": "1.10.0",
      "resolved": "https://bin.sbb.ch/artifactory/api/npm/npm/tslib/-/tslib-1.10.0.tgz",
      "integrity": "sha1-w8GflZc/sKYpc/sJ2Q2WHuQ+XIo="
    },
    "typescript": {
      "version": "3.4.4",
      "resolved": "https://bin.sbb.ch/artifactory/api/npm/npm/typescript/-/typescript-3.4.4.tgz",
      "integrity": "sha1-qsSgir7KuAkadfEIQv+gYxgY94U=",
      "dev": true
    },
    "unescape-js": {
      "version": "1.1.1",
      "resolved": "https://bin.sbb.ch/artifactory/api/npm/npm/unescape-js/-/unescape-js-1.1.1.tgz",
      "integrity": "sha1-pDReZUuFfCn6ZkaeMRzK8ukwY70=",
      "requires": {
        "string.fromcodepoint": "^0.2.1"
      }
    },
    "vlq": {
      "version": "0.2.3",
      "resolved": "https://bin.sbb.ch/artifactory/api/npm/npm/vlq/-/vlq-0.2.3.tgz",
      "integrity": "sha1-jz5DKM9jsVQMDWfhsneDhviXWyY="
    }
  }
}
